
Microsoft Visual Studio Solution File, Format Version 12.00
# Visual Studio Version 17
VisualStudioVersion = 17.8.34330.188
MinimumVisualStudioVersion = 10.0.40219.1
Project("{9A19103F-16F7-4668-BE54-9A1E7A4F7556}") = "KuaforSalonuProje", "KuaforSalonuProje\KuaforSalonuProje.csproj", "{A799AB37-A55A-4D37-89E6-5ED41B84A51A}"
EndProject
Global
	GlobalSection(SolutionConfigurationPlatforms) = preSolution
		Debug|Any CPU = Debug|Any CPU
		Release|Any CPU = Release|Any CPU
	EndGlobalSection
	GlobalSection(ProjectConfigurationPlatforms) = postSolution
		{A799AB37-A55A-4D37-89E6-5ED41B84A51A}.Debug|Any CPU.ActiveCfg = Debug|Any CPU
		{A799AB37-A55A-4D37-89E6-5ED41B84A51A}.Debug|Any CPU.Build.0 = Debug|Any CPU
		{A799AB37-A55A-4D37-89E6-5ED41B84A51A}.Release|Any CPU.ActiveCfg = Release|Any CPU
		{A799AB37-A55A-4D37-89E6-5ED41B84A51A}.Release|Any CPU.Build.0 = Release|Any CPU
	EndGlobalSection
	GlobalSection(SolutionProperties) = preSolution
		HideSolutionNode = FALSE
	EndGlobalSection
	GlobalSection(ExtensibilityGlobals) = postSolution
		SolutionGuid = {03F97BE8-337C-4403-BF36-75D85BE352A8}
	EndGlobalSection
EndGlobal
